
Microsoft Visual Studio Solution File, Format Version 12.00
# Visual Studio Version 17
VisualStudioVersion = 17.14.36623.8 d17.14
MinimumVisualStudioVersion = 10.0.40219.1
Project("{FAE04EC0-301F-11D3-BF4B-00C04F79EFBC}") = "Labb3_GIK299", "Labb3_GIK299.csproj", "{674EE757-2A15-4D57-AF56-479897931848}"
EndProject
Global
	GlobalSection(SolutionConfigurationPlatforms) = preSolution
		Debug|Any CPU = Debug|Any CPU
		Release|Any CPU = Release|Any CPU
	EndGlobalSection
	GlobalSection(ProjectConfigurationPlatforms) = postSolution
		{674EE757-2A15-4D57-AF56-479897931848}.Debug|Any CPU.ActiveCfg = Debug|Any CPU
		{674EE757-2A15-4D57-AF56-479897931848}.Debug|Any CPU.Build.0 = Debug|Any CPU
		{674EE757-2A15-4D57-AF56-479897931848}.Release|Any CPU.ActiveCfg = Release|Any CPU
		{674EE757-2A15-4D57-AF56-479897931848}.Release|Any CPU.Build.0 = Release|Any CPU
	EndGlobalSection
	GlobalSection(SolutionProperties) = preSolution
		HideSolutionNode = FALSE
	EndGlobalSection
	GlobalSection(ExtensibilityGlobals) = postSolution
		SolutionGuid = {3E832A5F-F178-4AF3-9FFE-A063D444C10F}
	EndGlobalSection
EndGlobal
